// !$*UTF8*$!
{
	archiveVersion = 1;
	classes = {
	};
	objectVersion = 50;
	objects = {

/* Begin PBXBuildFile section */
		5C5D4D3F2583D2A40067BA20 /* PikachuSwiftUIApp.swift in Sources */ = {isa = PBXBuildFile; fileRef = 5C5D4D3E2583D2A40067BA20 /* PikachuSwiftUIApp.swift */; };
		5C5D4D412583D2A40067BA20 /* ContentView.swift in Sources */ = {isa = PBXBuildFile; fileRef = 5C5D4D402583D2A40067BA20 /* ContentView.swift */; };
		5C5D4D432583D2A50067BA20 /* Assets.xcassets in Resources */ = {isa = PBXBuildFile; fileRef = 5C5D4D422583D2A50067BA20 /* Assets.xcassets */; };
		5C5D4D462583D2A50067BA20 /* Preview Assets.xcassets in Resources */ = {isa = PBXBuildFile; fileRef = 5C5D4D452583D2A50067BA20 /* Preview Assets.xcassets */; };
		5C5D4D4F2583D39C0067BA20 /* PikachuView.swift in Sources */ = {isa = PBXBuildFile; fileRef = 5C5D4D4E2583D39C0067BA20 /* PikachuView.swift */; };
/* End PBXBuildFile section */

/* Begin PBXFileReference section */
		5C5D4D3B2583D2A40067BA20 /* PikachuSwiftUI.app */ = {isa = PBXFileReference; explicitFileType = wrapper.application; includeInIndex = 0; path = PikachuSwiftUI.app; sourceTree = BUILT_PRODUCTS_DIR; };
		5C5D4D3E2583D2A40067BA20 /* PikachuSwiftUIApp.swift */ = {isa = PBXFileReference; lastKnownFileType = sourcecode.swift; path = PikachuSwiftUIApp.swift; sourceTree = "<group>"; };
		5C5D4D402583D2A40067BA20 /* ContentView.swift */ = {isa = PBXFileReference; lastKnownFileType = sourcecode.swift; path = ContentView.swift; sourceTree = "<group>"; };
		5C5D4D422583D2A50067BA20 /* Assets.xcassets */ = {isa = PBXFileReference; lastKnownFileType = folder.assetcatalog; path = Assets.xcassets; sourceTree = "<group>"; };
		5C5D4D452583D2A50067BA20 /* Preview Assets.xcassets */ = {isa = PBXFileReference; lastKnownFileType = folder.assetcatalog; path = "Preview Assets.xcassets"; sourceTree = "<group>"; };
		5C5D4D472583D2A50067BA20 /* Info.plist */ = {isa = PBXFileReference; lastKnownFileType = text.plist.xml; path = Info.plist; sourceTree = "<group>"; };
		5C5D4D4E2583D39C0067BA20 /* PikachuView.swift */ = {isa = PBXFileReference; lastKnownFileType = sourcecode.swift; path = PikachuView.swift; sourceTree = "<group>"; };
/* End PBXFileReference section */

/* Begin PBXFrameworksBuildPhase section */
		5C5D4D382583D2A40067BA20 /* Frameworks */ = {
			isa = PBXFrameworksBuildPhase;
			buildActionMask = 2147483647;
			files = (
			);
			runOnlyForDeploymentPostprocessing = 0;
		};
/* End PBXFrameworksBuildPhase section */

/* Begin PBXGroup section */
		5C5D4D322583D2A40067BA20 = {
			isa = PBXGroup;
			children = (
				5C5D4D3D2583D2A40067BA20 /* PikachuSwiftUI */,
				5C5D4D3C2583D2A40067BA20 /* Products */,
			);
			sourceTree = "<group>";
		};
		5C5D4D3C2583D2A40067BA20 /* Products */ = {
			isa = PBXGroup;
			children = (
				5C5D4D3B2583D2A40067BA20 /* PikachuSwiftUI.app */,
			);
			name = Products;
			sourceTree = "<group>";
		};
		5C5D4D3D2583D2A40067BA20 /* PikachuSwiftUI */ = {
			isa = PBXGroup;
			children = (
				5C5D4D3E2583D2A40067BA20 /* PikachuSwiftUIApp.swift */,
				5C5D4D402583D2A40067BA20 /* ContentView.swift */,
				5C5D4D4E2583D39C0067BA20 /* PikachuView.swift */,
				5C5D4D422583D2A50067BA20 /* Assets.xcassets */,
				5C5D4D472583D2A50067BA20 /* Info.plist */,
				5C5D4D442583D2A50067BA20 /* Preview Content */,
			);
			path = PikachuSwiftUI;
			sourceTree = "<group>";
		};
		5C5D4D442583D2A50067BA20 /* Preview Content */ = {
			isa = PBXGroup;
			children = (
				5C5D4D452583D2A50067BA20 /* Preview Assets.xcassets */,
			);
			path = "Preview Content";
			sourceTree = "<group>";
		};
/* End PBXGroup section */

/* Begin PBXNativeTarget section */
		5C5D4D3A2583D2A40067BA20 /* PikachuSwiftUI */ = {
			isa = PBXNativeTarget;
			buildConfigurationList = 5C5D4D4A2583D2A50067BA20 /* Build configuration list for PBXNativeTarget "PikachuSwiftUI" */;
			buildPhases = (
				5C5D4D372583D2A40067BA20 /* Sources */,
				5C5D4D382583D2A40067BA20 /* Frameworks */,
				5C5D4D392583D2A40067BA20 /* Resources */,
			);
			buildRules = (
			);
			dependencies = (
			);
			name = PikachuSwiftUI;
			productName = PikachuSwiftUI;
			productReference = 5C5D4D3B2583D2A40067BA20 /* PikachuSwiftUI.app */;
			productType = "com.apple.product-type.application";
		};
/* End PBXNativeTarget section */

/* Begin PBXProject section */
		5C5D4D332583D2A40067BA20 /* Project object */ = {
			isa = PBXProject;
			attributes = {
				LastSwiftUpdateCheck = 1220;
				LastUpgradeCheck = 1220;
				TargetAttributes = {
					5C5D4D3A2583D2A40067BA20 = {
						CreatedOnToolsVersion = 12.2;
					};
				};
			};
			buildConfigurationList = 5C5D4D362583D2A40067BA20 /* Build configuration list for PBXProject "PikachuSwiftUI" */;
			compatibilityVersion = "Xcode 9.3";
			developmentRegion = en;
			hasScannedForEncodings = 0;
			knownRegions = (
				en,
				Base,
			);
			mainGroup = 5C5D4D322583D2A40067BA20;
			productRefGroup = 5C5D4D3C2583D2A40067BA20 /* Products */;
			projectDirPath = "";
			projectRoot = "";
			targets = (
				5C5D4D3A2583D2A40067BA20 /* PikachuSwiftUI */,
			);
		};
/* End PBXProject section */

/* Begin PBXResourcesBuildPhase section */
		5C5D4D392583D2A40067BA20 /* Resources */ = {
			isa = PBXResourcesBuildPhase;
			buildActionMask = 2147483647;
			files = (
				5C5D4D462583D2A50067BA20 /* Preview Assets.xcassets in Resources */,
				5C5D4D432583D2A50067BA20 /* Assets.xcassets in Resources */,
			);
			runOnlyForDeploymentPostprocessing = 0;
		};
/* End PBXResourcesBuildPhase section */

/* Begin PBXSourcesBuildPhase section */
		5C5D4D372583D2A40067BA20 /* Sources */ = {
			isa = PBXSourcesBuildPhase;
			buildActionMask = 2147483647;
			files = (
				5C5D4D412583D2A40067BA20 /* ContentView.swift in Sources */,
				5C5D4D4F2583D39C0067BA20 /* PikachuView.swift in Sources */,
				5C5D4D3F2583D2A40067BA20 /* PikachuSwiftUIApp.swift in Sources */,
			);
			runOnlyForDeploymentPostprocessing = 0;
		};
/* End PBXSourcesBuildPhase section */

/* Begin XCBuildConfiguration section */
		5C5D4D482583D2A50067BA20 /* Debug */ = {
			isa = XCBuildConfiguration;
			buildSettings = {
				ALWAYS_SEARCH_USER_PATHS = NO;
				CLANG_ANALYZER_NONNULL = YES;
				CLANG_ANALYZER_NUMBER_OBJECT_CONVERSION = YES_AGGRESSIVE;
				CLANG_CXX_LANGUAGE_STANDARD = "gnu++14";
				CLANG_CXX_LIBRARY = "libc++";
				CLANG_ENABLE_MODULES = YES;
				CLANG_ENABLE_OBJC_ARC = YES;
				CLANG_ENABLE_OBJC_WEAK = YES;
				CLANG_WARN_BLOCK_CAPTURE_AUTORELEASING = YES;
				CLANG_WARN_BOOL_CONVERSION = YES;
				CLANG_WARN_COMMA = YES;
				CLANG_WARN_CONSTANT_CONVERSION = YES;
				CLANG_WARN_DEPRECATED_OBJC_IMPLEMENTATIONS = YES;
				CLANG_WARN_DIRECT_OBJC_ISA_USAGE = YES_ERROR;
				CLANG_WARN_DOCUMENTATION_COMMENTS = YES;
				CLANG_WARN_EMPTY_BODY = YES;
				CLANG_WARN_ENUM_CONVERSION = YES;
				CLANG_WARN_INFINITE_RECURSION = YES;
				CLANG_WARN_INT_CONVERSION = YES;
				CLANG_WARN_NON_LITERAL_NULL_CONVERSION = YES;
				CLANG_WARN_OBJC_IMPLICIT_RETAIN_SELF = YES;
				CLANG_WARN_OBJC_LITERAL_CONVERSION = YES;
				CLANG_WARN_OBJC_ROOT_CLASS = YES_ERROR;
				CLANG_WARN_QUOTED_INCLUDE_IN_FRAMEWORK_HEADER = YES;
				CLANG_WARN_RANGE_LOOP_ANALYSIS = YES;
				CLANG_WARN_STRICT_PROTOTYPES = YES;
				CLANG_WARN_SUSPICIOUS_MOVE = YES;
				CLANG_WARN_UNGUARDED_AVAILABILITY = YES_AGGRESSIVE;
				CLANG_WARN_UNREACHABLE_CODE = YES;
				CLANG_WARN__DUPLICATE_METHOD_MATCH = YES;
				COPY_PHASE_STRIP = NO;
				DEBUG_INFORMATION_FORMAT = dwarf;
				ENABLE_STRICT_OBJC_MSGSEND = YES;
				ENABLE_TESTABILITY = YES;
				GCC_C_LANGUAGE_STANDARD = gnu11;
				GCC_DYNAMIC_NO_PIC = NO;
				GCC_NO_COMMON_BLOCKS = YES;
				GCC_OPTIMIZATION_LEVEL = 0;
				GCC_PREPROCESSOR_DEFINITIONS = (
					"DEBUG=1",
					"$(inherited)",
				);
				GCC_WARN_64_TO_32_BIT_CONVERSION = YES;
				GCC_WARN_ABOUT_RETURN_TYPE = YES_ERROR;
				GCC_WARN_UNDECLARED_SELECTOR = YES;
				GCC_WARN_UNINITIALIZED_AUTOS = YES_AGGRESSIVE;
				GCC_WARN_UNUSED_FUNCTION = YES;
				GCC_WARN_UNUSED_VARIABLE = YES;
				IPHONEOS_DEPLOYMENT_TARGET = 14.2;
				MTL_ENABLE_DEBUG_INFO = INCLUDE_SOURCE;
				MTL_FAST_MATH = YES;
				ONLY_ACTIVE_ARCH = YES;
				SDKROOT = iphoneos;
				SWIFT_ACTIVE_COMPILATION_CONDITIONS = DEBUG;
				SWIFT_OPTIMIZATION_LEVEL = "-Onone";
			};
			name = Debug;
		};
		5C5D4D492583D2A50067BA20 /* Release */ = {
			isa = XCBuildConfiguration;
			buildSettings = {
				ALWAYS_SEARCH_USER_PATHS = NO;
				CLANG_ANALYZER_NONNULL = YES;
				CLANG_ANALYZER_NUMBER_OBJECT_CONVERSION = YES_AGGRESSIVE;
				CLANG_CXX_LANGUAGE_STANDARD = "gnu++14";
				CLANG_CXX_LIBRARY = "libc++";
				CLANG_ENABLE_MODULES = YES;
				CLANG_ENABLE_OBJC_ARC = YES;
				CLANG_ENABLE_OBJC_WEAK = YES;
				CLANG_WARN_BLOCK_CAPTURE_AUTORELEASING = YES;
				CLANG_WARN_BOOL_CONVERSION = YES;
				CLANG_WARN_COMMA = YES;
				CLANG_WARN_CONSTANT_CONVERSION = YES;
				CLANG_WARN_DEPRECATED_OBJC_IMPLEMENTATIONS = YES;
				CLANG_WARN_DIRECT_OBJC_ISA_USAGE = YES_ERROR;
				CLANG_WARN_DOCUMENTATION_COMMENTS = YES;
				CLANG_WARN_EMPTY_BODY = YES;
				CLANG_WARN_ENUM_CONVERSION = YES;
				CLANG_WARN_INFINITE_RECURSION = YES;
				CLANG_WARN_INT_CONVERSION = YES;
				CLANG_WARN_NON_LITERAL_NULL_CONVERSION = YES;
				CLANG_WARN_OBJC_IMPLICIT_RETAIN_SELF = YES;
				CLANG_WARN_OBJC_LITERAL_CONVERSION = YES;
				CLANG_WARN_OBJC_ROOT_CLASS = YES_ERROR;
				CLANG_WARN_QUOTED_INCLUDE_IN_FRAMEWORK_HEADER = YES;
				CLANG_WARN_RANGE_LOOP_ANALYSIS = YES;
				CLANG_WARN_STRICT_PROTOTYPES = YES;
				CLANG_WARN_SUSPICIOUS_MOVE = YES;
				CLANG_WARN_UNGUARDED_AVAILABILITY = YES_AGGRESSIVE;
				CLANG_WARN_UNREACHABLE_CODE = YES;
				CLANG_WARN__DUPLICATE_METHOD_MATCH = YES;
				COPY_PHASE_STRIP = NO;
				DEBUG_INFORMATION_FORMAT = "dwarf-with-dsym";
				ENABLE_NS_ASSERTIONS = NO;
				ENABLE_STRICT_OBJC_MSGSEND = YES;
				GCC_C_LANGUAGE_STANDARD = gnu11;
				GCC_NO_COMMON_BLOCKS = YES;
				GCC_WARN_64_TO_32_BIT_CONVERSION = YES;
				GCC_WARN_ABOUT_RETURN_TYPE = YES_ERROR;
				GCC_WARN_UNDECLARED_SELECTOR = YES;
				GCC_WARN_UNINITIALIZED_AUTOS = YES_AGGRESSIVE;
				GCC_WARN_UNUSED_FUNCTION = YES;
				GCC_WARN_UNUSED_VARIABLE = YES;
				IPHONEOS_DEPLOYMENT_TARGET = 14.2;
				MTL_ENABLE_DEBUG_INFO = NO;
				MTL_FAST_MATH = YES;
				SDKROOT = iphoneos;
				SWIFT_COMPILATION_MODE = wholemodule;
				SWIFT_OPTIMIZATION_LEVEL = "-O";
				VALIDATE_PRODUCT = YES;
			};
			name = Release;
		};
		5C5D4D4B2583D2A50067BA20 /* Debug */ = {
			isa = XCBuildConfiguration;
			buildSettings = {
				ASSETCATALOG_COMPILER_APPICON_NAME = AppIcon;
				ASSETCATALOG_COMPILER_GLOBAL_ACCENT_COLOR_NAME = AccentColor;
				CODE_SIGN_STYLE = Automatic;
				DEVELOPMENT_ASSET_PATHS = "\"PikachuSwiftUI/Preview Content\"";
				DEVELOPMENT_TEAM = 56ZBSRTSDR;
				ENABLE_PREVIEWS = YES;
				INFOPLIST_FILE = PikachuSwiftUI/Info.plist;
				IPHONEOS_DEPLOYMENT_TARGET = 14.0;
				LD_RUNPATH_SEARCH_PATHS = (
					"$(inherited)",
					"@executable_path/Frameworks",
				);
				PRODUCT_BUNDLE_IDENTIFIER = com.shreyasvilaschandrabhike.PikachuSwiftUI;
				PRODUCT_NAME = "$(TARGET_NAME)";
				SWIFT_VERSION = 5.0;
				TARGETED_DEVICE_FAMILY = "1,2";
			};
			name = Debug;
		};
		5C5D4D4C2583D2A50067BA20 /* Release */ = {
			isa = XCBuildConfiguration;
			buildSettings = {
				ASSETCATALOG_COMPILER_APPICON_NAME = AppIcon;
				ASSETCATALOG_COMPILER_GLOBAL_ACCENT_COLOR_NAME = AccentColor;
				CODE_SIGN_STYLE = Automatic;
				DEVELOPMENT_ASSET_PATHS = "\"PikachuSwiftUI/Preview Content\"";
				DEVELOPMENT_TEAM = 56ZBSRTSDR;
				ENABLE_PREVIEWS = YES;
				INFOPLIST_FILE = PikachuSwiftUI/Info.plist;
				IPHONEOS_DEPLOYMENT_TARGET = 14.0;
				LD_RUNPATH_SEARCH_PATHS = (
					"$(inherited)",
					"@executable_path/Frameworks",
				);
				PRODUCT_BUNDLE_IDENTIFIER = com.shreyasvilaschandrabhike.PikachuSwiftUI;
				PRODUCT_NAME = "$(TARGET_NAME)";
				SWIFT_VERSION = 5.0;
				TARGETED_DEVICE_FAMILY = "1,2";
			};
			name = Release;
		};
/* End XCBuildConfiguration section */

/* Begin XCConfigurationList section */
		5C5D4D362583D2A40067BA20 /* Build configuration list for PBXProject "PikachuSwiftUI" */ = {
			isa = XCConfigurationList;
			buildConfigurations = (
				5C5D4D482583D2A50067BA20 /* Debug */,
				5C5D4D492583D2A50067BA20 /* Release */,
			);
			defaultConfigurationIsVisible = 0;
			defaultConfigurationName = Release;
		};
		5C5D4D4A2583D2A50067BA20 /* Build configuration list for PBXNativeTarget "PikachuSwiftUI" */ = {
			isa = XCConfigurationList;
			buildConfigurations = (
				5C5D4D4B2583D2A50067BA20 /* Debug */,
				5C5D4D4C2583D2A50067BA20 /* Release */,
			);
			defaultConfigurationIsVisible = 0;
			defaultConfigurationName = Release;
		};
/* End XCConfigurationList section */
	};
	rootObject = 5C5D4D332583D2A40067BA20 /* Project object */;
}
